
Microsoft Visual Studio Solution File, Format Version 12.00
# Visual Studio 2013
VisualStudioVersion = 12.0.40629.0
MinimumVisualStudioVersion = 10.0.40219.1
Project("{FAE04EC0-301F-11D3-BF4B-00C04F79EFBC}") = "PietenPlanner", "PietenPlanner\PietenPlanner.csproj", "{DC28C335-7FA8-4B22-B65C-320A4C77FE97}"
EndProject
Project("{FAE04EC0-301F-11D3-BF4B-00C04F79EFBC}") = "Classes", "Classes\Classes.csproj", "{F95044D8-5B08-412D-A7C1-0680C604E67C}"
EndProject
Project("{FAE04EC0-301F-11D3-BF4B-00C04F79EFBC}") = "UnitTestProject1", "UnitTestProject1\UnitTestProject1.csproj", "{3D6A0930-C358-4B00-A39F-F1B9E18E7F6B}"
EndProject
Global
	GlobalSection(SolutionConfigurationPlatforms) = preSolution
		Debug|Any CPU = Debug|Any CPU
		Release|Any CPU = Release|Any CPU
	EndGlobalSection
	GlobalSection(ProjectConfigurationPlatforms) = postSolution
		{DC28C335-7FA8-4B22-B65C-320A4C77FE97}.Debug|Any CPU.ActiveCfg = Debug|Any CPU
		{DC28C335-7FA8-4B22-B65C-320A4C77FE97}.Debug|Any CPU.Build.0 = Debug|Any CPU
		{DC28C335-7FA8-4B22-B65C-320A4C77FE97}.Release|Any CPU.ActiveCfg = Release|Any CPU
		{DC28C335-7FA8-4B22-B65C-320A4C77FE97}.Release|Any CPU.Build.0 = Release|Any CPU
		{F95044D8-5B08-412D-A7C1-0680C604E67C}.Debug|Any CPU.ActiveCfg = Debug|Any CPU
		{F95044D8-5B08-412D-A7C1-0680C604E67C}.Debug|Any CPU.Build.0 = Debug|Any CPU
		{F95044D8-5B08-412D-A7C1-0680C604E67C}.Release|Any CPU.ActiveCfg = Release|Any CPU
		{F95044D8-5B08-412D-A7C1-0680C604E67C}.Release|Any CPU.Build.0 = Release|Any CPU
		{3D6A0930-C358-4B00-A39F-F1B9E18E7F6B}.Debug|Any CPU.ActiveCfg = Debug|Any CPU
		{3D6A0930-C358-4B00-A39F-F1B9E18E7F6B}.Debug|Any CPU.Build.0 = Debug|Any CPU
		{3D6A0930-C358-4B00-A39F-F1B9E18E7F6B}.Release|Any CPU.ActiveCfg = Release|Any CPU
		{3D6A0930-C358-4B00-A39F-F1B9E18E7F6B}.Release|Any CPU.Build.0 = Release|Any CPU
	EndGlobalSection
	GlobalSection(SolutionProperties) = preSolution
		HideSolutionNode = FALSE
	EndGlobalSection
EndGlobal
